// !$*UTF8*$!
{
	archiveVersion = 1;
	classes = {
	};
	objectVersion = 50;
	objects = {

/* Begin PBXBuildFile section */
		DE03E06D24C8077F000E4A83 /* Stack.swift in Sources */ = {isa = PBXBuildFile; fileRef = DE03E06C24C8077F000E4A83 /* Stack.swift */; };
		DE03E07024C80D24000E4A83 /* StackTest.swift in Sources */ = {isa = PBXBuildFile; fileRef = DE03E06F24C80D24000E4A83 /* StackTest.swift */; };
		DE69F48124F4A54600F128CB /* StackPractice.swift in Sources */ = {isa = PBXBuildFile; fileRef = DE69F48024F4A54600F128CB /* StackPractice.swift */; };
		DE69F48324F4A72600F128CB /* StackTests.swift in Sources */ = {isa = PBXBuildFile; fileRef = DE69F48224F4A72600F128CB /* StackTests.swift */; };
		DE70B83824C148BA0083FE9B /* AppDelegate.swift in Sources */ = {isa = PBXBuildFile; fileRef = DE70B83724C148BA0083FE9B /* AppDelegate.swift */; };
		DE70B83A24C148BA0083FE9B /* SceneDelegate.swift in Sources */ = {isa = PBXBuildFile; fileRef = DE70B83924C148BA0083FE9B /* SceneDelegate.swift */; };
		DE70B83C24C148BA0083FE9B /* ViewController.swift in Sources */ = {isa = PBXBuildFile; fileRef = DE70B83B24C148BA0083FE9B /* ViewController.swift */; };
		DE70B83F24C148BA0083FE9B /* Main.storyboard in Resources */ = {isa = PBXBuildFile; fileRef = DE70B83D24C148BA0083FE9B /* Main.storyboard */; };
		DE70B84124C148BE0083FE9B /* Assets.xcassets in Resources */ = {isa = PBXBuildFile; fileRef = DE70B84024C148BE0083FE9B /* Assets.xcassets */; };
		DE70B84424C148BE0083FE9B /* LaunchScreen.storyboard in Resources */ = {isa = PBXBuildFile; fileRef = DE70B84224C148BE0083FE9B /* LaunchScreen.storyboard */; };
		DE70B85624C148DC0083FE9B /* DoubleLinkedList.swift in Sources */ = {isa = PBXBuildFile; fileRef = DE70B84D24C148DC0083FE9B /* DoubleLinkedList.swift */; };
		DE70B85724C148DC0083FE9B /* SingleLinkedList.swift in Sources */ = {isa = PBXBuildFile; fileRef = DE70B84E24C148DC0083FE9B /* SingleLinkedList.swift */; };
		DE70B85824C148DC0083FE9B /* CircularLinkedList.swift in Sources */ = {isa = PBXBuildFile; fileRef = DE70B84F24C148DC0083FE9B /* CircularLinkedList.swift */; };
		DE70B85924C148DC0083FE9B /* LinkedListFunction.swift in Sources */ = {isa = PBXBuildFile; fileRef = DE70B85024C148DC0083FE9B /* LinkedListFunction.swift */; };
		DE70B85A24C148DC0083FE9B /* CircularQueue.swift in Sources */ = {isa = PBXBuildFile; fileRef = DE70B85224C148DC0083FE9B /* CircularQueue.swift */; };
		DE70B85B24C148DC0083FE9B /* Deque.swift in Sources */ = {isa = PBXBuildFile; fileRef = DE70B85324C148DC0083FE9B /* Deque.swift */; };
		DE70B85E24C1493F0083FE9B /* Queue.swift in Sources */ = {isa = PBXBuildFile; fileRef = DE70B85D24C1493F0083FE9B /* Queue.swift */; };
		DE70B86024C1497C0083FE9B /* QueueTest.swift in Sources */ = {isa = PBXBuildFile; fileRef = DE70B85F24C1497C0083FE9B /* QueueTest.swift */; };
		DE70B86224C1499A0083FE9B /* DequeTest.swift in Sources */ = {isa = PBXBuildFile; fileRef = DE70B86124C1499A0083FE9B /* DequeTest.swift */; };
		DE70B86424C149D30083FE9B /* CircularQueueTest.swift in Sources */ = {isa = PBXBuildFile; fileRef = DE70B86324C149D30083FE9B /* CircularQueueTest.swift */; };
		DE70B86724C14A610083FE9B /* SingleLinkedListTest.swift in Sources */ = {isa = PBXBuildFile; fileRef = DE70B86624C14A610083FE9B /* SingleLinkedListTest.swift */; };
		DE70B86924C14A8A0083FE9B /* DoubleLinkedListTest.swift in Sources */ = {isa = PBXBuildFile; fileRef = DE70B86824C14A8A0083FE9B /* DoubleLinkedListTest.swift */; };
		DE70B86B24C14AAB0083FE9B /* CircularLinkedListTest.swift in Sources */ = {isa = PBXBuildFile; fileRef = DE70B86A24C14AAB0083FE9B /* CircularLinkedListTest.swift */; };
		DEB7056824EA8AEB0014B58E /* BinaryHeapTests.swift in Sources */ = {isa = PBXBuildFile; fileRef = DEB7056724EA8AEB0014B58E /* BinaryHeapTests.swift */; };
		DEB7056B24ECB3C30014B58E /* Sort.swift in Sources */ = {isa = PBXBuildFile; fileRef = DEB7056A24ECB3C30014B58E /* Sort.swift */; };
		DEB7056D24ECCC730014B58E /* SortTests.swift in Sources */ = {isa = PBXBuildFile; fileRef = DEB7056C24ECCC730014B58E /* SortTests.swift */; };
		DEC3ADE924DD40D7006EB0EA /* BinaryTree.swift in Sources */ = {isa = PBXBuildFile; fileRef = DEC3ADE824DD40D7006EB0EA /* BinaryTree.swift */; };
		DEC3ADF224DD43C3006EB0EA /* DemoTests.swift in Sources */ = {isa = PBXBuildFile; fileRef = DEC3ADF124DD43C3006EB0EA /* DemoTests.swift */; };
		DEC3ADFA24DD43E3006EB0EA /* TreeTests.swift in Sources */ = {isa = PBXBuildFile; fileRef = DEC3ADF924DD43E3006EB0EA /* TreeTests.swift */; };
		DEC3AE0224E3EFF8006EB0EA /* BinaryHeap.swift in Sources */ = {isa = PBXBuildFile; fileRef = DEC3AE0124E3EFF8006EB0EA /* BinaryHeap.swift */; };
		DEEEE41624F50BC300EB0F42 /* LinkedListPractice.swift in Sources */ = {isa = PBXBuildFile; fileRef = DEEEE41524F50BC300EB0F42 /* LinkedListPractice.swift */; };
		DEEEE41824F50D5700EB0F42 /* LinkedListTests.swift in Sources */ = {isa = PBXBuildFile; fileRef = DEEEE41724F50D5700EB0F42 /* LinkedListTests.swift */; };
/* End PBXBuildFile section */

/* Begin PBXContainerItemProxy section */
		DEC3ADF424DD43C3006EB0EA /* PBXContainerItemProxy */ = {
			isa = PBXContainerItemProxy;
			containerPortal = DE70B82C24C148BA0083FE9B /* Project object */;
			proxyType = 1;
			remoteGlobalIDString = DE70B83324C148BA0083FE9B;
			remoteInfo = Demo;
		};
/* End PBXContainerItemProxy section */

/* Begin PBXFileReference section */
		DE03E06C24C8077F000E4A83 /* Stack.swift */ = {isa = PBXFileReference; lastKnownFileType = sourcecode.swift; path = Stack.swift; sourceTree = "<group>"; };
		DE03E06F24C80D24000E4A83 /* StackTest.swift */ = {isa = PBXFileReference; lastKnownFileType = sourcecode.swift; path = StackTest.swift; sourceTree = "<group>"; };
		DE69F48024F4A54600F128CB /* StackPractice.swift */ = {isa = PBXFileReference; lastKnownFileType = sourcecode.swift; path = StackPractice.swift; sourceTree = "<group>"; };
		DE69F48224F4A72600F128CB /* StackTests.swift */ = {isa = PBXFileReference; lastKnownFileType = sourcecode.swift; path = StackTests.swift; sourceTree = "<group>"; };
		DE70B83424C148BA0083FE9B /* Demo.app */ = {isa = PBXFileReference; explicitFileType = wrapper.application; includeInIndex = 0; path = Demo.app; sourceTree = BUILT_PRODUCTS_DIR; };
		DE70B83724C148BA0083FE9B /* AppDelegate.swift */ = {isa = PBXFileReference; lastKnownFileType = sourcecode.swift; path = AppDelegate.swift; sourceTree = "<group>"; };
		DE70B83924C148BA0083FE9B /* SceneDelegate.swift */ = {isa = PBXFileReference; lastKnownFileType = sourcecode.swift; path = SceneDelegate.swift; sourceTree = "<group>"; };
		DE70B83B24C148BA0083FE9B /* ViewController.swift */ = {isa = PBXFileReference; lastKnownFileType = sourcecode.swift; path = ViewController.swift; sourceTree = "<group>"; };
		DE70B83E24C148BA0083FE9B /* Base */ = {isa = PBXFileReference; lastKnownFileType = file.storyboard; name = Base; path = Base.lproj/Main.storyboard; sourceTree = "<group>"; };
		DE70B84024C148BE0083FE9B /* Assets.xcassets */ = {isa = PBXFileReference; lastKnownFileType = folder.assetcatalog; path = Assets.xcassets; sourceTree = "<group>"; };
		DE70B84324C148BE0083FE9B /* Base */ = {isa = PBXFileReference; lastKnownFileType = file.storyboard; name = Base; path = Base.lproj/LaunchScreen.storyboard; sourceTree = "<group>"; };
		DE70B84524C148BE0083FE9B /* Info.plist */ = {isa = PBXFileReference; lastKnownFileType = text.plist.xml; path = Info.plist; sourceTree = "<group>"; };
		DE70B84D24C148DC0083FE9B /* DoubleLinkedList.swift */ = {isa = PBXFileReference; fileEncoding = 4; lastKnownFileType = sourcecode.swift; path = DoubleLinkedList.swift; sourceTree = "<group>"; };
		DE70B84E24C148DC0083FE9B /* SingleLinkedList.swift */ = {isa = PBXFileReference; fileEncoding = 4; lastKnownFileType = sourcecode.swift; path = SingleLinkedList.swift; sourceTree = "<group>"; };
		DE70B84F24C148DC0083FE9B /* CircularLinkedList.swift */ = {isa = PBXFileReference; fileEncoding = 4; lastKnownFileType = sourcecode.swift; path = CircularLinkedList.swift; sourceTree = "<group>"; };
		DE70B85024C148DC0083FE9B /* LinkedListFunction.swift */ = {isa = PBXFileReference; fileEncoding = 4; lastKnownFileType = sourcecode.swift; path = LinkedListFunction.swift; sourceTree = "<group>"; };
		DE70B85224C148DC0083FE9B /* CircularQueue.swift */ = {isa = PBXFileReference; fileEncoding = 4; lastKnownFileType = sourcecode.swift; path = CircularQueue.swift; sourceTree = "<group>"; };
		DE70B85324C148DC0083FE9B /* Deque.swift */ = {isa = PBXFileReference; fileEncoding = 4; lastKnownFileType = sourcecode.swift; path = Deque.swift; sourceTree = "<group>"; };
		DE70B85D24C1493F0083FE9B /* Queue.swift */ = {isa = PBXFileReference; lastKnownFileType = sourcecode.swift; path = Queue.swift; sourceTree = "<group>"; };
		DE70B85F24C1497C0083FE9B /* QueueTest.swift */ = {isa = PBXFileReference; lastKnownFileType = sourcecode.swift; path = QueueTest.swift; sourceTree = "<group>"; };
		DE70B86124C1499A0083FE9B /* DequeTest.swift */ = {isa = PBXFileReference; lastKnownFileType = sourcecode.swift; path = DequeTest.swift; sourceTree = "<group>"; };
		DE70B86324C149D30083FE9B /* CircularQueueTest.swift */ = {isa = PBXFileReference; lastKnownFileType = sourcecode.swift; path = CircularQueueTest.swift; sourceTree = "<group>"; };
		DE70B86624C14A610083FE9B /* SingleLinkedListTest.swift */ = {isa = PBXFileReference; lastKnownFileType = sourcecode.swift; path = SingleLinkedListTest.swift; sourceTree = "<group>"; };
		DE70B86824C14A8A0083FE9B /* DoubleLinkedListTest.swift */ = {isa = PBXFileReference; lastKnownFileType = sourcecode.swift; path = DoubleLinkedListTest.swift; sourceTree = "<group>"; };
		DE70B86A24C14AAB0083FE9B /* CircularLinkedListTest.swift */ = {isa = PBXFileReference; lastKnownFileType = sourcecode.swift; path = CircularLinkedListTest.swift; sourceTree = "<group>"; };
		DEB7056724EA8AEB0014B58E /* BinaryHeapTests.swift */ = {isa = PBXFileReference; lastKnownFileType = sourcecode.swift; path = BinaryHeapTests.swift; sourceTree = "<group>"; };
		DEB7056A24ECB3C30014B58E /* Sort.swift */ = {isa = PBXFileReference; lastKnownFileType = sourcecode.swift; path = Sort.swift; sourceTree = "<group>"; };
		DEB7056C24ECCC730014B58E /* SortTests.swift */ = {isa = PBXFileReference; lastKnownFileType = sourcecode.swift; path = SortTests.swift; sourceTree = "<group>"; };
		DEC3ADE824DD40D7006EB0EA /* BinaryTree.swift */ = {isa = PBXFileReference; lastKnownFileType = sourcecode.swift; path = BinaryTree.swift; sourceTree = "<group>"; };
		DEC3ADEF24DD43C3006EB0EA /* DemoTests.xctest */ = {isa = PBXFileReference; explicitFileType = wrapper.cfbundle; includeInIndex = 0; path = DemoTests.xctest; sourceTree = BUILT_PRODUCTS_DIR; };
		DEC3ADF124DD43C3006EB0EA /* DemoTests.swift */ = {isa = PBXFileReference; lastKnownFileType = sourcecode.swift; path = DemoTests.swift; sourceTree = "<group>"; };
		DEC3ADF324DD43C3006EB0EA /* Info.plist */ = {isa = PBXFileReference; lastKnownFileType = text.plist.xml; path = Info.plist; sourceTree = "<group>"; };
		DEC3ADF924DD43E3006EB0EA /* TreeTests.swift */ = {isa = PBXFileReference; lastKnownFileType = sourcecode.swift; path = TreeTests.swift; sourceTree = "<group>"; };
		DEC3AE0124E3EFF8006EB0EA /* BinaryHeap.swift */ = {isa = PBXFileReference; lastKnownFileType = sourcecode.swift; path = BinaryHeap.swift; sourceTree = "<group>"; };
		DEEEE41524F50BC300EB0F42 /* LinkedListPractice.swift */ = {isa = PBXFileReference; lastKnownFileType = sourcecode.swift; path = LinkedListPractice.swift; sourceTree = "<group>"; };
		DEEEE41724F50D5700EB0F42 /* LinkedListTests.swift */ = {isa = PBXFileReference; lastKnownFileType = sourcecode.swift; path = LinkedListTests.swift; sourceTree = "<group>"; };
/* End PBXFileReference section */

/* Begin PBXFrameworksBuildPhase section */
		DE70B83124C148BA0083FE9B /* Frameworks */ = {
			isa = PBXFrameworksBuildPhase;
			buildActionMask = 2147483647;
			files = (
			);
			runOnlyForDeploymentPostprocessing = 0;
		};
		DEC3ADEC24DD43C3006EB0EA /* Frameworks */ = {
			isa = PBXFrameworksBuildPhase;
			buildActionMask = 2147483647;
			files = (
			);
			runOnlyForDeploymentPostprocessing = 0;
		};
/* End PBXFrameworksBuildPhase section */

/* Begin PBXGroup section */
		DE03E06B24C80770000E4A83 /* Stack */ = {
			isa = PBXGroup;
			children = (
				DE03E06C24C8077F000E4A83 /* Stack.swift */,
				DE69F48024F4A54600F128CB /* StackPractice.swift */,
			);
			path = Stack;
			sourceTree = "<group>";
		};
		DE03E06E24C80D13000E4A83 /* StackTests */ = {
			isa = PBXGroup;
			children = (
				DE03E06F24C80D24000E4A83 /* StackTest.swift */,
			);
			path = StackTests;
			sourceTree = "<group>";
		};
		DE70B82B24C148BA0083FE9B = {
			isa = PBXGroup;
			children = (
				DE70B83624C148BA0083FE9B /* Demo */,
				DEC3ADF024DD43C3006EB0EA /* DemoTests */,
				DE70B83524C148BA0083FE9B /* Products */,
			);
			sourceTree = "<group>";
		};
		DE70B83524C148BA0083FE9B /* Products */ = {
			isa = PBXGroup;
			children = (
				DE70B83424C148BA0083FE9B /* Demo.app */,
				DEC3ADEF24DD43C3006EB0EA /* DemoTests.xctest */,
			);
			name = Products;
			sourceTree = "<group>";
		};
		DE70B83624C148BA0083FE9B /* Demo */ = {
			isa = PBXGroup;
			children = (
				DE70B84B24C148DC0083FE9B /* Source */,
				DE70B85524C148DC0083FE9B /* Tests */,
				DE70B83724C148BA0083FE9B /* AppDelegate.swift */,
				DE70B83924C148BA0083FE9B /* SceneDelegate.swift */,
				DE70B83B24C148BA0083FE9B /* ViewController.swift */,
				DE70B83D24C148BA0083FE9B /* Main.storyboard */,
				DE70B84024C148BE0083FE9B /* Assets.xcassets */,
				DE70B84224C148BE0083FE9B /* LaunchScreen.storyboard */,
				DE70B84524C148BE0083FE9B /* Info.plist */,
			);
			path = Demo;
			sourceTree = "<group>";
		};
		DE70B84B24C148DC0083FE9B /* Source */ = {
			isa = PBXGroup;
			children = (
				DEB7056924EBC6B70014B58E /* Sort */,
				DEC3ADE724DD4078006EB0EA /* Tree */,
				DE03E06B24C80770000E4A83 /* Stack */,
				DE70B84C24C148DC0083FE9B /* LinkedList */,
				DE70B85124C148DC0083FE9B /* Queue */,
			);
			name = Source;
			path = ../../Source;
			sourceTree = "<group>";
		};
		DE70B84C24C148DC0083FE9B /* LinkedList */ = {
			isa = PBXGroup;
			children = (
				DE70B84D24C148DC0083FE9B /* DoubleLinkedList.swift */,
				DE70B84E24C148DC0083FE9B /* SingleLinkedList.swift */,
				DE70B84F24C148DC0083FE9B /* CircularLinkedList.swift */,
				DE70B85024C148DC0083FE9B /* LinkedListFunction.swift */,
				DEEEE41524F50BC300EB0F42 /* LinkedListPractice.swift */,
			);
			path = LinkedList;
			sourceTree = "<group>";
		};
		DE70B85124C148DC0083FE9B /* Queue */ = {
			isa = PBXGroup;
			children = (
				DE70B85224C148DC0083FE9B /* CircularQueue.swift */,
				DE70B85324C148DC0083FE9B /* Deque.swift */,
				DE70B85D24C1493F0083FE9B /* Queue.swift */,
			);
			path = Queue;
			sourceTree = "<group>";
		};
		DE70B85524C148DC0083FE9B /* Tests */ = {
			isa = PBXGroup;
			children = (
				DE03E06E24C80D13000E4A83 /* StackTests */,
				DE70B86524C14A360083FE9B /* QueueTests */,
				DE70B86C24C14ABF0083FE9B /* LinkedListTests */,
			);
			name = Tests;
			path = ../../Tests;
			sourceTree = "<group>";
		};
		DE70B86524C14A360083FE9B /* QueueTests */ = {
			isa = PBXGroup;
			children = (
				DE70B85F24C1497C0083FE9B /* QueueTest.swift */,
				DE70B86124C1499A0083FE9B /* DequeTest.swift */,
				DE70B86324C149D30083FE9B /* CircularQueueTest.swift */,
			);
			path = QueueTests;
			sourceTree = "<group>";
		};
		DE70B86C24C14ABF0083FE9B /* LinkedListTests */ = {
			isa = PBXGroup;
			children = (
				DE70B86624C14A610083FE9B /* SingleLinkedListTest.swift */,
				DE70B86824C14A8A0083FE9B /* DoubleLinkedListTest.swift */,
				DE70B86A24C14AAB0083FE9B /* CircularLinkedListTest.swift */,
			);
			path = LinkedListTests;
			sourceTree = "<group>";
		};
		DEB7056924EBC6B70014B58E /* Sort */ = {
			isa = PBXGroup;
			children = (
				DEB7056A24ECB3C30014B58E /* Sort.swift */,
			);
			path = Sort;
			sourceTree = "<group>";
		};
		DEC3ADE724DD4078006EB0EA /* Tree */ = {
			isa = PBXGroup;
			children = (
				DEC3ADE824DD40D7006EB0EA /* BinaryTree.swift */,
				DEC3AE0124E3EFF8006EB0EA /* BinaryHeap.swift */,
			);
			path = Tree;
			sourceTree = "<group>";
		};
		DEC3ADF024DD43C3006EB0EA /* DemoTests */ = {
			isa = PBXGroup;
			children = (
				DEC3ADF124DD43C3006EB0EA /* DemoTests.swift */,
				DEC3ADF324DD43C3006EB0EA /* Info.plist */,
				DEC3ADF924DD43E3006EB0EA /* TreeTests.swift */,
				DEB7056724EA8AEB0014B58E /* BinaryHeapTests.swift */,
				DEB7056C24ECCC730014B58E /* SortTests.swift */,
				DE69F48224F4A72600F128CB /* StackTests.swift */,
				DEEEE41724F50D5700EB0F42 /* LinkedListTests.swift */,
			);
			path = DemoTests;
			sourceTree = "<group>";
		};
/* End PBXGroup section */

/* Begin PBXNativeTarget section */
		DE70B83324C148BA0083FE9B /* Demo */ = {
			isa = PBXNativeTarget;
			buildConfigurationList = DE70B84824C148BE0083FE9B /* Build configuration list for PBXNativeTarget "Demo" */;
			buildPhases = (
				DE70B83024C148BA0083FE9B /* Sources */,
				DE70B83124C148BA0083FE9B /* Frameworks */,
				DE70B83224C148BA0083FE9B /* Resources */,
			);
			buildRules = (
			);
			dependencies = (
			);
			name = Demo;
			productName = Demo;
			productReference = DE70B83424C148BA0083FE9B /* Demo.app */;
			productType = "com.apple.product-type.application";
		};
		DEC3ADEE24DD43C3006EB0EA /* DemoTests */ = {
			isa = PBXNativeTarget;
			buildConfigurationList = DEC3ADF624DD43C3006EB0EA /* Build configuration list for PBXNativeTarget "DemoTests" */;
			buildPhases = (
				DEC3ADEB24DD43C3006EB0EA /* Sources */,
				DEC3ADEC24DD43C3006EB0EA /* Frameworks */,
				DEC3ADED24DD43C3006EB0EA /* Resources */,
			);
			buildRules = (
			);
			dependencies = (
				DEC3ADF524DD43C3006EB0EA /* PBXTargetDependency */,
			);
			name = DemoTests;
			productName = DemoTests;
			productReference = DEC3ADEF24DD43C3006EB0EA /* DemoTests.xctest */;
			productType = "com.apple.product-type.bundle.unit-test";
		};
/* End PBXNativeTarget section */

/* Begin PBXProject section */
		DE70B82C24C148BA0083FE9B /* Project object */ = {
			isa = PBXProject;
			attributes = {
				LastSwiftUpdateCheck = 1130;
				LastUpgradeCheck = 1130;
				ORGANIZATIONNAME = Phil.Feng;
				TargetAttributes = {
					DE70B83324C148BA0083FE9B = {
						CreatedOnToolsVersion = 11.3.1;
					};
					DEC3ADEE24DD43C3006EB0EA = {
						CreatedOnToolsVersion = 11.3.1;
						TestTargetID = DE70B83324C148BA0083FE9B;
					};
				};
			};
			buildConfigurationList = DE70B82F24C148BA0083FE9B /* Build configuration list for PBXProject "Demo" */;
			compatibilityVersion = "Xcode 9.3";
			developmentRegion = en;
			hasScannedForEncodings = 0;
			knownRegions = (
				en,
				Base,
			);
			mainGroup = DE70B82B24C148BA0083FE9B;
			productRefGroup = DE70B83524C148BA0083FE9B /* Products */;
			projectDirPath = "";
			projectRoot = "";
			targets = (
				DE70B83324C148BA0083FE9B /* Demo */,
				DEC3ADEE24DD43C3006EB0EA /* DemoTests */,
			);
		};
/* End PBXProject section */

/* Begin PBXResourcesBuildPhase section */
		DE70B83224C148BA0083FE9B /* Resources */ = {
			isa = PBXResourcesBuildPhase;
			buildActionMask = 2147483647;
			files = (
				DE70B84424C148BE0083FE9B /* LaunchScreen.storyboard in Resources */,
				DE70B84124C148BE0083FE9B /* Assets.xcassets in Resources */,
				DE70B83F24C148BA0083FE9B /* Main.storyboard in Resources */,
			);
			runOnlyForDeploymentPostprocessing = 0;
		};
		DEC3ADED24DD43C3006EB0EA /* Resources */ = {
			isa = PBXResourcesBuildPhase;
			buildActionMask = 2147483647;
			files = (
			);
			runOnlyForDeploymentPostprocessing = 0;
		};
/* End PBXResourcesBuildPhase section */

/* Begin PBXSourcesBuildPhase section */
		DE70B83024C148BA0083FE9B /* Sources */ = {
			isa = PBXSourcesBuildPhase;
			buildActionMask = 2147483647;
			files = (
				DE70B86424C149D30083FE9B /* CircularQueueTest.swift in Sources */,
				DE70B85A24C148DC0083FE9B /* CircularQueue.swift in Sources */,
				DE70B83C24C148BA0083FE9B /* ViewController.swift in Sources */,
				DE69F48124F4A54600F128CB /* StackPractice.swift in Sources */,
				DEB7056B24ECB3C30014B58E /* Sort.swift in Sources */,
				DE03E06D24C8077F000E4A83 /* Stack.swift in Sources */,
				DE70B85B24C148DC0083FE9B /* Deque.swift in Sources */,
				DE70B85824C148DC0083FE9B /* CircularLinkedList.swift in Sources */,
				DE70B85924C148DC0083FE9B /* LinkedListFunction.swift in Sources */,
				DE70B85E24C1493F0083FE9B /* Queue.swift in Sources */,
				DE03E07024C80D24000E4A83 /* StackTest.swift in Sources */,
				DE70B86224C1499A0083FE9B /* DequeTest.swift in Sources */,
				DE70B86724C14A610083FE9B /* SingleLinkedListTest.swift in Sources */,
				DE70B85724C148DC0083FE9B /* SingleLinkedList.swift in Sources */,
				DE70B83824C148BA0083FE9B /* AppDelegate.swift in Sources */,
				DE70B86024C1497C0083FE9B /* QueueTest.swift in Sources */,
				DEC3AE0224E3EFF8006EB0EA /* BinaryHeap.swift in Sources */,
				DE70B86924C14A8A0083FE9B /* DoubleLinkedListTest.swift in Sources */,
				DE70B83A24C148BA0083FE9B /* SceneDelegate.swift in Sources */,
				DEC3ADE924DD40D7006EB0EA /* BinaryTree.swift in Sources */,
				DE70B85624C148DC0083FE9B /* DoubleLinkedList.swift in Sources */,
				DEEEE41624F50BC300EB0F42 /* LinkedListPractice.swift in Sources */,
				DE70B86B24C14AAB0083FE9B /* CircularLinkedListTest.swift in Sources */,
			);
			runOnlyForDeploymentPostprocessing = 0;
		};
		DEC3ADEB24DD43C3006EB0EA /* Sources */ = {
			isa = PBXSourcesBuildPhase;
			buildActionMask = 2147483647;
			files = (
				DE69F48324F4A72600F128CB /* StackTests.swift in Sources */,
				DEC3ADF224DD43C3006EB0EA /* DemoTests.swift in Sources */,
				DEB7056D24ECCC730014B58E /* SortTests.swift in Sources */,
				DEC3ADFA24DD43E3006EB0EA /* TreeTests.swift in Sources */,
				DEEEE41824F50D5700EB0F42 /* LinkedListTests.swift in Sources */,
				DEB7056824EA8AEB0014B58E /* BinaryHeapTests.swift in Sources */,
			);
			runOnlyForDeploymentPostprocessing = 0;
		};
/* End PBXSourcesBuildPhase section */

/* Begin PBXTargetDependency section */
		DEC3ADF524DD43C3006EB0EA /* PBXTargetDependency */ = {
			isa = PBXTargetDependency;
			target = DE70B83324C148BA0083FE9B /* Demo */;
			targetProxy = DEC3ADF424DD43C3006EB0EA /* PBXContainerItemProxy */;
		};
/* End PBXTargetDependency section */

/* Begin PBXVariantGroup section */
		DE70B83D24C148BA0083FE9B /* Main.storyboard */ = {
			isa = PBXVariantGroup;
			children = (
				DE70B83E24C148BA0083FE9B /* Base */,
			);
			name = Main.storyboard;
			sourceTree = "<group>";
		};
		DE70B84224C148BE0083FE9B /* LaunchScreen.storyboard */ = {
			isa = PBXVariantGroup;
			children = (
				DE70B84324C148BE0083FE9B /* Base */,
			);
			name = LaunchScreen.storyboard;
			sourceTree = "<group>";
		};
/* End PBXVariantGroup section */

/* Begin XCBuildConfiguration section */
		DE70B84624C148BE0083FE9B /* Debug */ = {
			isa = XCBuildConfiguration;
			buildSettings = {
				ALWAYS_SEARCH_USER_PATHS = NO;
				CLANG_ANALYZER_NONNULL = YES;
				CLANG_ANALYZER_NUMBER_OBJECT_CONVERSION = YES_AGGRESSIVE;
				CLANG_CXX_LANGUAGE_STANDARD = "gnu++14";
				CLANG_CXX_LIBRARY = "libc++";
				CLANG_ENABLE_MODULES = YES;
				CLANG_ENABLE_OBJC_ARC = YES;
				CLANG_ENABLE_OBJC_WEAK = YES;
				CLANG_WARN_BLOCK_CAPTURE_AUTORELEASING = YES;
				CLANG_WARN_BOOL_CONVERSION = YES;
				CLANG_WARN_COMMA = YES;
				CLANG_WARN_CONSTANT_CONVERSION = YES;
				CLANG_WARN_DEPRECATED_OBJC_IMPLEMENTATIONS = YES;
				CLANG_WARN_DIRECT_OBJC_ISA_USAGE = YES_ERROR;
				CLANG_WARN_DOCUMENTATION_COMMENTS = YES;
				CLANG_WARN_EMPTY_BODY = YES;
				CLANG_WARN_ENUM_CONVERSION = YES;
				CLANG_WARN_INFINITE_RECURSION = YES;
				CLANG_WARN_INT_CONVERSION = YES;
				CLANG_WARN_NON_LITERAL_NULL_CONVERSION = YES;
				CLANG_WARN_OBJC_IMPLICIT_RETAIN_SELF = YES;
				CLANG_WARN_OBJC_LITERAL_CONVERSION = YES;
				CLANG_WARN_OBJC_ROOT_CLASS = YES_ERROR;
				CLANG_WARN_RANGE_LOOP_ANALYSIS = YES;
				CLANG_WARN_STRICT_PROTOTYPES = YES;
				CLANG_WARN_SUSPICIOUS_MOVE = YES;
				CLANG_WARN_UNGUARDED_AVAILABILITY = YES_AGGRESSIVE;
				CLANG_WARN_UNREACHABLE_CODE = YES;
				CLANG_WARN__DUPLICATE_METHOD_MATCH = YES;
				COPY_PHASE_STRIP = NO;
				DEBUG_INFORMATION_FORMAT = dwarf;
				ENABLE_STRICT_OBJC_MSGSEND = YES;
				ENABLE_TESTABILITY = YES;
				GCC_C_LANGUAGE_STANDARD = gnu11;
				GCC_DYNAMIC_NO_PIC = NO;
				GCC_NO_COMMON_BLOCKS = YES;
				GCC_OPTIMIZATION_LEVEL = 0;
				GCC_PREPROCESSOR_DEFINITIONS = (
					"DEBUG=1",
					"$(inherited)",
				);
				GCC_WARN_64_TO_32_BIT_CONVERSION = YES;
				GCC_WARN_ABOUT_RETURN_TYPE = YES_ERROR;
				GCC_WARN_UNDECLARED_SELECTOR = YES;
				GCC_WARN_UNINITIALIZED_AUTOS = YES_AGGRESSIVE;
				GCC_WARN_UNUSED_FUNCTION = YES;
				GCC_WARN_UNUSED_VARIABLE = YES;
				IPHONEOS_DEPLOYMENT_TARGET = 13.2;
				MTL_ENABLE_DEBUG_INFO = INCLUDE_SOURCE;
				MTL_FAST_MATH = YES;
				ONLY_ACTIVE_ARCH = YES;
				SDKROOT = iphoneos;
				SWIFT_ACTIVE_COMPILATION_CONDITIONS = DEBUG;
				SWIFT_OPTIMIZATION_LEVEL = "-Onone";
			};
			name = Debug;
		};
		DE70B84724C148BE0083FE9B /* Release */ = {
			isa = XCBuildConfiguration;
			buildSettings = {
				ALWAYS_SEARCH_USER_PATHS = NO;
				CLANG_ANALYZER_NONNULL = YES;
				CLANG_ANALYZER_NUMBER_OBJECT_CONVERSION = YES_AGGRESSIVE;
				CLANG_CXX_LANGUAGE_STANDARD = "gnu++14";
				CLANG_CXX_LIBRARY = "libc++";
				CLANG_ENABLE_MODULES = YES;
				CLANG_ENABLE_OBJC_ARC = YES;
				CLANG_ENABLE_OBJC_WEAK = YES;
				CLANG_WARN_BLOCK_CAPTURE_AUTORELEASING = YES;
				CLANG_WARN_BOOL_CONVERSION = YES;
				CLANG_WARN_COMMA = YES;
				CLANG_WARN_CONSTANT_CONVERSION = YES;
				CLANG_WARN_DEPRECATED_OBJC_IMPLEMENTATIONS = YES;
				CLANG_WARN_DIRECT_OBJC_ISA_USAGE = YES_ERROR;
				CLANG_WARN_DOCUMENTATION_COMMENTS = YES;
				CLANG_WARN_EMPTY_BODY = YES;
				CLANG_WARN_ENUM_CONVERSION = YES;
				CLANG_WARN_INFINITE_RECURSION = YES;
				CLANG_WARN_INT_CONVERSION = YES;
				CLANG_WARN_NON_LITERAL_NULL_CONVERSION = YES;
				CLANG_WARN_OBJC_IMPLICIT_RETAIN_SELF = YES;
				CLANG_WARN_OBJC_LITERAL_CONVERSION = YES;
				CLANG_WARN_OBJC_ROOT_CLASS = YES_ERROR;
				CLANG_WARN_RANGE_LOOP_ANALYSIS = YES;
				CLANG_WARN_STRICT_PROTOTYPES = YES;
				CLANG_WARN_SUSPICIOUS_MOVE = YES;
				CLANG_WARN_UNGUARDED_AVAILABILITY = YES_AGGRESSIVE;
				CLANG_WARN_UNREACHABLE_CODE = YES;
				CLANG_WARN__DUPLICATE_METHOD_MATCH = YES;
				COPY_PHASE_STRIP = NO;
				DEBUG_INFORMATION_FORMAT = "dwarf-with-dsym";
				ENABLE_NS_ASSERTIONS = NO;
				ENABLE_STRICT_OBJC_MSGSEND = YES;
				GCC_C_LANGUAGE_STANDARD = gnu11;
				GCC_NO_COMMON_BLOCKS = YES;
				GCC_WARN_64_TO_32_BIT_CONVERSION = YES;
				GCC_WARN_ABOUT_RETURN_TYPE = YES_ERROR;
				GCC_WARN_UNDECLARED_SELECTOR = YES;
				GCC_WARN_UNINITIALIZED_AUTOS = YES_AGGRESSIVE;
				GCC_WARN_UNUSED_FUNCTION = YES;
				GCC_WARN_UNUSED_VARIABLE = YES;
				IPHONEOS_DEPLOYMENT_TARGET = 13.2;
				MTL_ENABLE_DEBUG_INFO = NO;
				MTL_FAST_MATH = YES;
				SDKROOT = iphoneos;
				SWIFT_COMPILATION_MODE = wholemodule;
				SWIFT_OPTIMIZATION_LEVEL = "-O";
				VALIDATE_PRODUCT = YES;
			};
			name = Release;
		};
		DE70B84924C148BE0083FE9B /* Debug */ = {
			isa = XCBuildConfiguration;
			buildSettings = {
				ASSETCATALOG_COMPILER_APPICON_NAME = AppIcon;
				CODE_SIGN_STYLE = Automatic;
				INFOPLIST_FILE = Demo/Info.plist;
				LD_RUNPATH_SEARCH_PATHS = (
					"$(inherited)",
					"@executable_path/Frameworks",
				);
				PRODUCT_BUNDLE_IDENTIFIER = com.test.aaa.Demo;
				PRODUCT_NAME = "$(TARGET_NAME)";
				SWIFT_VERSION = 5.0;
				TARGETED_DEVICE_FAMILY = "1,2";
			};
			name = Debug;
		};
		DE70B84A24C148BE0083FE9B /* Release */ = {
			isa = XCBuildConfiguration;
			buildSettings = {
				ASSETCATALOG_COMPILER_APPICON_NAME = AppIcon;
				CODE_SIGN_STYLE = Automatic;
				INFOPLIST_FILE = Demo/Info.plist;
				LD_RUNPATH_SEARCH_PATHS = (
					"$(inherited)",
					"@executable_path/Frameworks",
				);
				PRODUCT_BUNDLE_IDENTIFIER = com.test.aaa.Demo;
				PRODUCT_NAME = "$(TARGET_NAME)";
				SWIFT_VERSION = 5.0;
				TARGETED_DEVICE_FAMILY = "1,2";
			};
			name = Release;
		};
		DEC3ADF724DD43C3006EB0EA /* Debug */ = {
			isa = XCBuildConfiguration;
			buildSettings = {
				BUNDLE_LOADER = "$(TEST_HOST)";
				CODE_SIGN_STYLE = Automatic;
				INFOPLIST_FILE = DemoTests/Info.plist;
				LD_RUNPATH_SEARCH_PATHS = (
					"$(inherited)",
					"@executable_path/Frameworks",
					"@loader_path/Frameworks",
				);
				PRODUCT_BUNDLE_IDENTIFIER = com.test.aaa.DemoTests;
				PRODUCT_NAME = "$(TARGET_NAME)";
				SWIFT_VERSION = 5.0;
				TARGETED_DEVICE_FAMILY = "1,2";
				TEST_HOST = "$(BUILT_PRODUCTS_DIR)/Demo.app/Demo";
			};
			name = Debug;
		};
		DEC3ADF824DD43C3006EB0EA /* Release */ = {
			isa = XCBuildConfiguration;
			buildSettings = {
				BUNDLE_LOADER = "$(TEST_HOST)";
				CODE_SIGN_STYLE = Automatic;
				INFOPLIST_FILE = DemoTests/Info.plist;
				LD_RUNPATH_SEARCH_PATHS = (
					"$(inherited)",
					"@executable_path/Frameworks",
					"@loader_path/Frameworks",
				);
				PRODUCT_BUNDLE_IDENTIFIER = com.test.aaa.DemoTests;
				PRODUCT_NAME = "$(TARGET_NAME)";
				SWIFT_VERSION = 5.0;
				TARGETED_DEVICE_FAMILY = "1,2";
				TEST_HOST = "$(BUILT_PRODUCTS_DIR)/Demo.app/Demo";
			};
			name = Release;
		};
/* End XCBuildConfiguration section */

/* Begin XCConfigurationList section */
		DE70B82F24C148BA0083FE9B /* Build configuration list for PBXProject "Demo" */ = {
			isa = XCConfigurationList;
			buildConfigurations = (
				DE70B84624C148BE0083FE9B /* Debug */,
				DE70B84724C148BE0083FE9B /* Release */,
			);
			defaultConfigurationIsVisible = 0;
			defaultConfigurationName = Release;
		};
		DE70B84824C148BE0083FE9B /* Build configuration list for PBXNativeTarget "Demo" */ = {
			isa = XCConfigurationList;
			buildConfigurations = (
				DE70B84924C148BE0083FE9B /* Debug */,
				DE70B84A24C148BE0083FE9B /* Release */,
			);
			defaultConfigurationIsVisible = 0;
			defaultConfigurationName = Release;
		};
		DEC3ADF624DD43C3006EB0EA /* Build configuration list for PBXNativeTarget "DemoTests" */ = {
			isa = XCConfigurationList;
			buildConfigurations = (
				DEC3ADF724DD43C3006EB0EA /* Debug */,
				DEC3ADF824DD43C3006EB0EA /* Release */,
			);
			defaultConfigurationIsVisible = 0;
			defaultConfigurationName = Release;
		};
/* End XCConfigurationList section */
	};
	rootObject = DE70B82C24C148BA0083FE9B /* Project object */;
}
